{
  "nodes": {
    "nixpkgs": {
      "locked": {
        "lastModified": 1669387357,
        "narHash": "sha256-z1azVj/5Em5kGhh9OgBOsjTEgMab7hXL/aRilH9tzyI=",
        "owner": "NixOS",
        "repo": "nixpkgs",
        "rev": "55b3f68bda6d4f4dc6092eed0508063f154fa4fd",
        "type": "github"
      },
      "original": {
        "owner": "NixOS",
        "ref": "nixpkgs-unstable",
        "repo": "nixpkgs",
        "type": "github"
      }
    },
    "root": {
      "inputs": {
        "nixpkgs": "nixpkgs"
      }
    }
  },
  "root": "root",
  "version": 7
}
